// !$*UTF8*$!
{
	archiveVersion = 1;
	classes = {
	};
	objectVersion = 46;
	objects = {

/* Begin PBXBuildFile section */
		657F557D1CF8A5C100799B80 /* AppDelegate.swift in Sources */ = {isa = PBXBuildFile; fileRef = 657F557C1CF8A5C100799B80 /* AppDelegate.swift */; };
		657F55821CF8A5C100799B80 /* Main.storyboard in Resources */ = {isa = PBXBuildFile; fileRef = 657F55801CF8A5C100799B80 /* Main.storyboard */; };
		657F55841CF8A5C100799B80 /* Assets.xcassets in Resources */ = {isa = PBXBuildFile; fileRef = 657F55831CF8A5C100799B80 /* Assets.xcassets */; };
		657F55871CF8A5C100799B80 /* LaunchScreen.storyboard in Resources */ = {isa = PBXBuildFile; fileRef = 657F55851CF8A5C100799B80 /* LaunchScreen.storyboard */; };
		657F558F1CF8C03D00799B80 /* TipCalculatorViewController.swift in Sources */ = {isa = PBXBuildFile; fileRef = 657F558E1CF8C03D00799B80 /* TipCalculatorViewController.swift */; };
		657F55911CF8C5B000799B80 /* TipCalc.swift in Sources */ = {isa = PBXBuildFile; fileRef = 657F55901CF8C5B000799B80 /* TipCalc.swift */; };
/* End PBXBuildFile section */

/* Begin PBXFileReference section */
		657F55791CF8A5C100799B80 /* TipCalculator.app */ = {isa = PBXFileReference; explicitFileType = wrapper.application; includeInIndex = 0; path = TipCalculator.app; sourceTree = BUILT_PRODUCTS_DIR; };
		657F557C1CF8A5C100799B80 /* AppDelegate.swift */ = {isa = PBXFileReference; lastKnownFileType = sourcecode.swift; path = AppDelegate.swift; sourceTree = "<group>"; };
		657F55811CF8A5C100799B80 /* Base */ = {isa = PBXFileReference; lastKnownFileType = file.storyboard; name = Base; path = Base.lproj/Main.storyboard; sourceTree = "<group>"; };
		657F55831CF8A5C100799B80 /* Assets.xcassets */ = {isa = PBXFileReference; lastKnownFileType = folder.assetcatalog; path = Assets.xcassets; sourceTree = "<group>"; };
		657F55861CF8A5C100799B80 /* Base */ = {isa = PBXFileReference; lastKnownFileType = file.storyboard; name = Base; path = Base.lproj/LaunchScreen.storyboard; sourceTree = "<group>"; };
		657F55881CF8A5C100799B80 /* Info.plist */ = {isa = PBXFileReference; lastKnownFileType = text.plist.xml; path = Info.plist; sourceTree = "<group>"; };
		657F558E1CF8C03D00799B80 /* TipCalculatorViewController.swift */ = {isa = PBXFileReference; fileEncoding = 4; lastKnownFileType = sourcecode.swift; path = TipCalculatorViewController.swift; sourceTree = "<group>"; };
		657F55901CF8C5B000799B80 /* TipCalc.swift */ = {isa = PBXFileReference; fileEncoding = 4; lastKnownFileType = sourcecode.swift; path = TipCalc.swift; sourceTree = "<group>"; };
/* End PBXFileReference section */

/* Begin PBXFrameworksBuildPhase section */
		657F55761CF8A5C100799B80 /* Frameworks */ = {
			isa = PBXFrameworksBuildPhase;
			buildActionMask = 2147483647;
			files = (
			);
			runOnlyForDeploymentPostprocessing = 0;
		};
/* End PBXFrameworksBuildPhase section */

/* Begin PBXGroup section */
		657F55701CF8A5C100799B80 = {
			isa = PBXGroup;
			children = (
				657F557B1CF8A5C100799B80 /* TipCalculator */,
				657F557A1CF8A5C100799B80 /* Products */,
			);
			sourceTree = "<group>";
		};
		657F557A1CF8A5C100799B80 /* Products */ = {
			isa = PBXGroup;
			children = (
				657F55791CF8A5C100799B80 /* TipCalculator.app */,
			);
			name = Products;
			sourceTree = "<group>";
		};
		657F557B1CF8A5C100799B80 /* TipCalculator */ = {
			isa = PBXGroup;
			children = (
				657F557C1CF8A5C100799B80 /* AppDelegate.swift */,
				657F55921CF8C5BD00799B80 /* Model */,
				657F55931CF8C5D000799B80 /* View */,
				657F55941CF8C5D800799B80 /* Controller */,
				657F55831CF8A5C100799B80 /* Assets.xcassets */,
				657F55851CF8A5C100799B80 /* LaunchScreen.storyboard */,
				657F55881CF8A5C100799B80 /* Info.plist */,
			);
			path = TipCalculator;
			sourceTree = "<group>";
		};
		657F55921CF8C5BD00799B80 /* Model */ = {
			isa = PBXGroup;
			children = (
				657F55901CF8C5B000799B80 /* TipCalc.swift */,
			);
			name = Model;
			sourceTree = "<group>";
		};
		657F55931CF8C5D000799B80 /* View */ = {
			isa = PBXGroup;
			children = (
				657F55801CF8A5C100799B80 /* Main.storyboard */,
			);
			name = View;
			sourceTree = "<group>";
		};
		657F55941CF8C5D800799B80 /* Controller */ = {
			isa = PBXGroup;
			children = (
				657F558E1CF8C03D00799B80 /* TipCalculatorViewController.swift */,
			);
			name = Controller;
			sourceTree = "<group>";
		};
/* End PBXGroup section */

/* Begin PBXNativeTarget section */
		657F55781CF8A5C100799B80 /* TipCalculator */ = {
			isa = PBXNativeTarget;
			buildConfigurationList = 657F558B1CF8A5C100799B80 /* Build configuration list for PBXNativeTarget "TipCalculator" */;
			buildPhases = (
				657F55751CF8A5C100799B80 /* Sources */,
				657F55761CF8A5C100799B80 /* Frameworks */,
				657F55771CF8A5C100799B80 /* Resources */,
			);
			buildRules = (
			);
			dependencies = (
			);
			name = TipCalculator;
			productName = TipCalculator;
			productReference = 657F55791CF8A5C100799B80 /* TipCalculator.app */;
			productType = "com.apple.product-type.application";
		};
/* End PBXNativeTarget section */

/* Begin PBXProject section */
		657F55711CF8A5C100799B80 /* Project object */ = {
			isa = PBXProject;
			attributes = {
				LastSwiftUpdateCheck = 0730;
				LastUpgradeCheck = 0730;
				ORGANIZATIONNAME = "Mamadou Kaba";
				TargetAttributes = {
					657F55781CF8A5C100799B80 = {
						CreatedOnToolsVersion = 7.3.1;
					};
				};
			};
			buildConfigurationList = 657F55741CF8A5C100799B80 /* Build configuration list for PBXProject "TipCalculator" */;
			compatibilityVersion = "Xcode 3.2";
			developmentRegion = English;
			hasScannedForEncodings = 0;
			knownRegions = (
				en,
				Base,
			);
			mainGroup = 657F55701CF8A5C100799B80;
			productRefGroup = 657F557A1CF8A5C100799B80 /* Products */;
			projectDirPath = "";
			projectRoot = "";
			targets = (
				657F55781CF8A5C100799B80 /* TipCalculator */,
			);
		};
/* End PBXProject section */

/* Begin PBXResourcesBuildPhase section */
		657F55771CF8A5C100799B80 /* Resources */ = {
			isa = PBXResourcesBuildPhase;
			buildActionMask = 2147483647;
			files = (
				657F55871CF8A5C100799B80 /* LaunchScreen.storyboard in Resources */,
				657F55841CF8A5C100799B80 /* Assets.xcassets in Resources */,
				657F55821CF8A5C100799B80 /* Main.storyboard in Resources */,
			);
			runOnlyForDeploymentPostprocessing = 0;
		};
/* End PBXResourcesBuildPhase section */

/* Begin PBXSourcesBuildPhase section */
		657F55751CF8A5C100799B80 /* Sources */ = {
			isa = PBXSourcesBuildPhase;
			buildActionMask = 2147483647;
			files = (
				657F55911CF8C5B000799B80 /* TipCalc.swift in Sources */,
				657F558F1CF8C03D00799B80 /* TipCalculatorViewController.swift in Sources */,
				657F557D1CF8A5C100799B80 /* AppDelegate.swift in Sources */,
			);
			runOnlyForDeploymentPostprocessing = 0;
		};
/* End PBXSourcesBuildPhase section */

/* Begin PBXVariantGroup section */
		657F55801CF8A5C100799B80 /* Main.storyboard */ = {
			isa = PBXVariantGroup;
			children = (
				657F55811CF8A5C100799B80 /* Base */,
			);
			name = Main.storyboard;
			sourceTree = "<group>";
		};
		657F55851CF8A5C100799B80 /* LaunchScreen.storyboard */ = {
			isa = PBXVariantGroup;
			children = (
				657F55861CF8A5C100799B80 /* Base */,
			);
			name = LaunchScreen.storyboard;
			sourceTree = "<group>";
		};
/* End PBXVariantGroup section */

/* Begin XCBuildConfiguration section */
		657F55891CF8A5C100799B80 /* Debug */ = {
			isa = XCBuildConfiguration;
			buildSettings = {
				ALWAYS_SEARCH_USER_PATHS = NO;
				CLANG_ANALYZER_NONNULL = YES;
				CLANG_CXX_LANGUAGE_STANDARD = "gnu++0x";
				CLANG_CXX_LIBRARY = "libc++";
				CLANG_ENABLE_MODULES = YES;
				CLANG_ENABLE_OBJC_ARC = YES;
				CLANG_WARN_BOOL_CONVERSION = YES;
				CLANG_WARN_CONSTANT_CONVERSION = YES;
				CLANG_WARN_DIRECT_OBJC_ISA_USAGE = YES_ERROR;
				CLANG_WARN_EMPTY_BODY = YES;
				CLANG_WARN_ENUM_CONVERSION = YES;
				CLANG_WARN_INT_CONVERSION = YES;
				CLANG_WARN_OBJC_ROOT_CLASS = YES_ERROR;
				CLANG_WARN_UNREACHABLE_CODE = YES;
				CLANG_WARN__DUPLICATE_METHOD_MATCH = YES;
				"CODE_SIGN_IDENTITY[sdk=iphoneos*]" = "iPhone Developer";
				COPY_PHASE_STRIP = NO;
				DEBUG_INFORMATION_FORMAT = dwarf;
				ENABLE_STRICT_OBJC_MSGSEND = YES;
				ENABLE_TESTABILITY = YES;
				GCC_C_LANGUAGE_STANDARD = gnu99;
				GCC_DYNAMIC_NO_PIC = NO;
				GCC_NO_COMMON_BLOCKS = YES;
				GCC_OPTIMIZATION_LEVEL = 0;
				GCC_PREPROCESSOR_DEFINITIONS = (
					"DEBUG=1",
					"$(inherited)",
				);
				GCC_WARN_64_TO_32_BIT_CONVERSION = YES;
				GCC_WARN_ABOUT_RETURN_TYPE = YES_ERROR;
				GCC_WARN_UNDECLARED_SELECTOR = YES;
				GCC_WARN_UNINITIALIZED_AUTOS = YES_AGGRESSIVE;
				GCC_WARN_UNUSED_FUNCTION = YES;
				GCC_WARN_UNUSED_VARIABLE = YES;
				IPHONEOS_DEPLOYMENT_TARGET = 9.3;
				MTL_ENABLE_DEBUG_INFO = YES;
				ONLY_ACTIVE_ARCH = YES;
				SDKROOT = iphoneos;
				SWIFT_OPTIMIZATION_LEVEL = "-Onone";
			};
			name = Debug;
		};
		657F558A1CF8A5C100799B80 /* Release */ = {
			isa = XCBuildConfiguration;
			buildSettings = {
				ALWAYS_SEARCH_USER_PATHS = NO;
				CLANG_ANALYZER_NONNULL = YES;
				CLANG_CXX_LANGUAGE_STANDARD = "gnu++0x";
				CLANG_CXX_LIBRARY = "libc++";
				CLANG_ENABLE_MODULES = YES;
				CLANG_ENABLE_OBJC_ARC = YES;
				CLANG_WARN_BOOL_CONVERSION = YES;
				CLANG_WARN_CONSTANT_CONVERSION = YES;
				CLANG_WARN_DIRECT_OBJC_ISA_USAGE = YES_ERROR;
				CLANG_WARN_EMPTY_BODY = YES;
				CLANG_WARN_ENUM_CONVERSION = YES;
				CLANG_WARN_INT_CONVERSION = YES;
				CLANG_WARN_OBJC_ROOT_CLASS = YES_ERROR;
				CLANG_WARN_UNREACHABLE_CODE = YES;
				CLANG_WARN__DUPLICATE_METHOD_MATCH = YES;
				"CODE_SIGN_IDENTITY[sdk=iphoneos*]" = "iPhone Developer";
				COPY_PHASE_STRIP = NO;
				DEBUG_INFORMATION_FORMAT = "dwarf-with-dsym";
				ENABLE_NS_ASSERTIONS = NO;
				ENABLE_STRICT_OBJC_MSGSEND = YES;
				GCC_C_LANGUAGE_STANDARD = gnu99;
				GCC_NO_COMMON_BLOCKS = YES;
				GCC_WARN_64_TO_32_BIT_CONVERSION = YES;
				GCC_WARN_ABOUT_RETURN_TYPE = YES_ERROR;
				GCC_WARN_UNDECLARED_SELECTOR = YES;
				GCC_WARN_UNINITIALIZED_AUTOS = YES_AGGRESSIVE;
				GCC_WARN_UNUSED_FUNCTION = YES;
				GCC_WARN_UNUSED_VARIABLE = YES;
				IPHONEOS_DEPLOYMENT_TARGET = 9.3;
				MTL_ENABLE_DEBUG_INFO = NO;
				SDKROOT = iphoneos;
				VALIDATE_PRODUCT = YES;
			};
			name = Release;
		};
		657F558C1CF8A5C100799B80 /* Debug */ = {
			isa = XCBuildConfiguration;
			buildSettings = {
				ASSETCATALOG_COMPILER_APPICON_NAME = AppIcon;
				INFOPLIST_FILE = TipCalculator/Info.plist;
				LD_RUNPATH_SEARCH_PATHS = "$(inherited) @executable_path/Frameworks";
				PRODUCT_BUNDLE_IDENTIFIER = com.mamadoukaba.TipCalculator;
				PRODUCT_NAME = "$(TARGET_NAME)";
			};
			name = Debug;
		};
		657F558D1CF8A5C100799B80 /* Release */ = {
			isa = XCBuildConfiguration;
			buildSettings = {
				ASSETCATALOG_COMPILER_APPICON_NAME = AppIcon;
				INFOPLIST_FILE = TipCalculator/Info.plist;
				LD_RUNPATH_SEARCH_PATHS = "$(inherited) @executable_path/Frameworks";
				PRODUCT_BUNDLE_IDENTIFIER = com.mamadoukaba.TipCalculator;
				PRODUCT_NAME = "$(TARGET_NAME)";
			};
			name = Release;
		};
/* End XCBuildConfiguration section */

/* Begin XCConfigurationList section */
		657F55741CF8A5C100799B80 /* Build configuration list for PBXProject "TipCalculator" */ = {
			isa = XCConfigurationList;
			buildConfigurations = (
				657F55891CF8A5C100799B80 /* Debug */,
				657F558A1CF8A5C100799B80 /* Release */,
			);
			defaultConfigurationIsVisible = 0;
			defaultConfigurationName = Release;
		};
		657F558B1CF8A5C100799B80 /* Build configuration list for PBXNativeTarget "TipCalculator" */ = {
			isa = XCConfigurationList;
			buildConfigurations = (
				657F558C1CF8A5C100799B80 /* Debug */,
				657F558D1CF8A5C100799B80 /* Release */,
			);
			defaultConfigurationIsVisible = 0;
			defaultConfigurationName = Release;
		};
/* End XCConfigurationList section */
	};
	rootObject = 657F55711CF8A5C100799B80 /* Project object */;
}
